{
  "originHash" : "c27b7dabdeaa81cc9493318628f182d480366591d289204658f38125b6c9e070",
  "pins" : [
    {
      "identity" : "anyimagekit",
      "kind" : "remoteSourceControl",
      "location" : "https://github.com/AnyImageKit/AnyImageKit.git",
      "state" : {
        "revision" : "0ee074fcb28a835875ab26e1911ae22d661bd022",
        "version" : "0.18.4"
      }
    },
    {
      "identity" : "kingfisher",
      "kind" : "remoteSourceControl",
      "location" : "https://github.com/onevcat/Kingfisher.git",
      "state" : {
        "revision" : "2015fda791daa72c8058619545a593bf8c1dd59f",
        "version" : "8.5.0"
      }
    },
    {
      "identity" : "snapkit",
      "kind" : "remoteSourceControl",
      "location" : "https://github.com/SnapKit/SnapKit",
      "state" : {
        "revision" : "2842e6e84e82eb9a8dac0100ca90d9444b0307f4",
        "version" : "5.7.1"
      }
    },
    {
      "identity" : "tocropviewcontroller",
      "kind" : "remoteSourceControl",
      "location" : "https://github.com/TimOliver/TOCropViewController.git",
      "state" : {
        "revision" : "a634cb7cdfd580006e79a6e74e64417fe9e9783b",
        "version" : "2.7.4"
      }
    }
  ],
  "version" : 3
}
